
Microsoft Visual Studio Solution File, Format Version 12.00
# Visual Studio Version 17
VisualStudioVersion = 17.0.31903.59
MinimumVisualStudioVersion = 10.0.40219.1
Project("{2150E333-8FDC-42A3-9474-1A3956D46DE8}") = "src", "src", "{827E0CD3-B72D-47B6-A68D-7590B98EB39B}"
EndProject
Project("{FAE04EC0-301F-11D3-BF4B-00C04F79EFBC}") = "TaskBoard.Api", "src\TaskBoard.Api\TaskBoard.Api.csproj", "{1083F69C-D240-457D-ACD2-E4CE5D16D993}"
EndProject
Project("{FAE04EC0-301F-11D3-BF4B-00C04F79EFBC}") = "TaskBoard.Core", "src\TaskBoard.Core\TaskBoard.Core.csproj", "{00393453-F7BA-4CC5-A71B-9DF9019B1A78}"
EndProject
Project("{FAE04EC0-301F-11D3-BF4B-00C04F79EFBC}") = "TaskBoard.Infrastructure", "src\TaskBoard.Infrastructure\TaskBoard.Infrastructure.csproj", "{A0E28933-4407-4973-AD7C-3E42F63B1FAB}"
EndProject
Global
	GlobalSection(SolutionConfigurationPlatforms) = preSolution
		Debug|Any CPU = Debug|Any CPU
		Debug|x64 = Debug|x64
		Debug|x86 = Debug|x86
		Release|Any CPU = Release|Any CPU
		Release|x64 = Release|x64
		Release|x86 = Release|x86
	EndGlobalSection
	GlobalSection(ProjectConfigurationPlatforms) = postSolution
		{1083F69C-D240-457D-ACD2-E4CE5D16D993}.Debug|Any CPU.ActiveCfg = Debug|Any CPU
		{1083F69C-D240-457D-ACD2-E4CE5D16D993}.Debug|Any CPU.Build.0 = Debug|Any CPU
		{1083F69C-D240-457D-ACD2-E4CE5D16D993}.Debug|x64.ActiveCfg = Debug|Any CPU
		{1083F69C-D240-457D-ACD2-E4CE5D16D993}.Debug|x64.Build.0 = Debug|Any CPU
		{1083F69C-D240-457D-ACD2-E4CE5D16D993}.Debug|x86.ActiveCfg = Debug|Any CPU
		{1083F69C-D240-457D-ACD2-E4CE5D16D993}.Debug|x86.Build.0 = Debug|Any CPU
		{1083F69C-D240-457D-ACD2-E4CE5D16D993}.Release|Any CPU.ActiveCfg = Release|Any CPU
		{1083F69C-D240-457D-ACD2-E4CE5D16D993}.Release|Any CPU.Build.0 = Release|Any CPU
		{1083F69C-D240-457D-ACD2-E4CE5D16D993}.Release|x64.ActiveCfg = Release|Any CPU
		{1083F69C-D240-457D-ACD2-E4CE5D16D993}.Release|x64.Build.0 = Release|Any CPU
		{1083F69C-D240-457D-ACD2-E4CE5D16D993}.Release|x86.ActiveCfg = Release|Any CPU
		{1083F69C-D240-457D-ACD2-E4CE5D16D993}.Release|x86.Build.0 = Release|Any CPU
		{00393453-F7BA-4CC5-A71B-9DF9019B1A78}.Debug|Any CPU.ActiveCfg = Debug|Any CPU
		{00393453-F7BA-4CC5-A71B-9DF9019B1A78}.Debug|Any CPU.Build.0 = Debug|Any CPU
		{00393453-F7BA-4CC5-A71B-9DF9019B1A78}.Debug|x64.ActiveCfg = Debug|Any CPU
		{00393453-F7BA-4CC5-A71B-9DF9019B1A78}.Debug|x64.Build.0 = Debug|Any CPU
		{00393453-F7BA-4CC5-A71B-9DF9019B1A78}.Debug|x86.ActiveCfg = Debug|Any CPU
		{00393453-F7BA-4CC5-A71B-9DF9019B1A78}.Debug|x86.Build.0 = Debug|Any CPU
		{00393453-F7BA-4CC5-A71B-9DF9019B1A78}.Release|Any CPU.ActiveCfg = Release|Any CPU
		{00393453-F7BA-4CC5-A71B-9DF9019B1A78}.Release|Any CPU.Build.0 = Release|Any CPU
		{00393453-F7BA-4CC5-A71B-9DF9019B1A78}.Release|x64.ActiveCfg = Release|Any CPU
		{00393453-F7BA-4CC5-A71B-9DF9019B1A78}.Release|x64.Build.0 = Release|Any CPU
		{00393453-F7BA-4CC5-A71B-9DF9019B1A78}.Release|x86.ActiveCfg = Release|Any CPU
		{00393453-F7BA-4CC5-A71B-9DF9019B1A78}.Release|x86.Build.0 = Release|Any CPU
		{A0E28933-4407-4973-AD7C-3E42F63B1FAB}.Debug|Any CPU.ActiveCfg = Debug|Any CPU
		{A0E28933-4407-4973-AD7C-3E42F63B1FAB}.Debug|Any CPU.Build.0 = Debug|Any CPU
		{A0E28933-4407-4973-AD7C-3E42F63B1FAB}.Debug|x64.ActiveCfg = Debug|Any CPU
		{A0E28933-4407-4973-AD7C-3E42F63B1FAB}.Debug|x64.Build.0 = Debug|Any CPU
		{A0E28933-4407-4973-AD7C-3E42F63B1FAB}.Debug|x86.ActiveCfg = Debug|Any CPU
		{A0E28933-4407-4973-AD7C-3E42F63B1FAB}.Debug|x86.Build.0 = Debug|Any CPU
		{A0E28933-4407-4973-AD7C-3E42F63B1FAB}.Release|Any CPU.ActiveCfg = Release|Any CPU
		{A0E28933-4407-4973-AD7C-3E42F63B1FAB}.Release|Any CPU.Build.0 = Release|Any CPU
		{A0E28933-4407-4973-AD7C-3E42F63B1FAB}.Release|x64.ActiveCfg = Release|Any CPU
		{A0E28933-4407-4973-AD7C-3E42F63B1FAB}.Release|x64.Build.0 = Release|Any CPU
		{A0E28933-4407-4973-AD7C-3E42F63B1FAB}.Release|x86.ActiveCfg = Release|Any CPU
		{A0E28933-4407-4973-AD7C-3E42F63B1FAB}.Release|x86.Build.0 = Release|Any CPU
	EndGlobalSection
	GlobalSection(SolutionProperties) = preSolution
		HideSolutionNode = FALSE
	EndGlobalSection
	GlobalSection(NestedProjects) = preSolution
		{1083F69C-D240-457D-ACD2-E4CE5D16D993} = {827E0CD3-B72D-47B6-A68D-7590B98EB39B}
		{00393453-F7BA-4CC5-A71B-9DF9019B1A78} = {827E0CD3-B72D-47B6-A68D-7590B98EB39B}
		{A0E28933-4407-4973-AD7C-3E42F63B1FAB} = {827E0CD3-B72D-47B6-A68D-7590B98EB39B}
	EndGlobalSection
EndGlobal
